dependencies:
  espressif/ds18b20:
    component_hash: 
      d676429d9f1f686b65ed895e418eb4b331477bcd5d63c27f43dc3d6a2de8f13b
    dependencies:
    - name: espressif/onewire_bus
      registry_url: https://components.espressif.com
      require: private
      version: ^1.0.0
    source:
      registry_url: https://components.espressif.com/
      type: service
    version: 0.1.1
  espressif/esp-zboss-lib:
    component_hash: 
      b0525e1008b69b5725348a0c62d89a32a51d9b6f7799134b52dc6018e1b48b40
    dependencies:
    - name: idf
      require: private
      version: '>=5.0'
    source:
      registry_url: https://components.espressif.com/
      type: service
    version: 1.4.1
  espressif/esp-zigbee-lib:
    component_hash: 
      c585c6912fb0486593e04348ce7843a7e3e75f59752ea39eb63d5494a3c8519a
    dependencies:
    - name: idf
      require: private
      version: '>=5.0'
    source:
      registry_url: https://components.espressif.com/
      type: service
    version: 1.4.1
  espressif/led_strip:
    component_hash: 
      28c6509a727ef74925b372ed404772aeedf11cce10b78c3f69b3c66799095e2d
    dependencies:
    - name: idf
      require: private
      version: '>=4.4'
    source:
      registry_url: https://components.espressif.com/
      type: service
    version: 2.5.5
  espressif/onewire_bus:
    component_hash: 
      11729fd9a5de80225177a61e9cd77de91683b8ec300e83710d5327b666dbe884
    dependencies:
    - name: idf
      require: private
      version: '>=5.0'
    source:
      registry_url: https://components.espressif.com/
      type: service
    version: 1.0.4
  idf:
    source:
      type: idf
    version: 5.5.1
direct_dependencies:
- espressif/ds18b20
- espressif/esp-zboss-lib
- espressif/esp-zigbee-lib
- espressif/led_strip
- espressif/onewire_bus
- idf
manifest_hash: bae5a50bda38012a146bd34ff1fb8d5dde1b8e2972f229c65bf6d3d6abe93464
target: esp32h2
version: 2.0.0
